// !$*UTF8*$!
{
	archiveVersion = 1;
	classes = {
	};
	objectVersion = 50;
	objects = {

/* Begin PBXBuildFile section */
		37F93FBCD7A75B1BBFCE2AA4 /* Pods_____UITests.framework in Frameworks */ = {isa = PBXBuildFile; fileRef = DB0E9620A00771451CD681F6 /* Pods_____UITests.framework */; };
		6929BD78222CB16200EE13FA /* UIButton+Extension.swift in Sources */ = {isa = PBXBuildFile; fileRef = 6929BD77222CB16200EE13FA /* UIButton+Extension.swift */; };
		6929BD7A222CC9B300EE13FA /* VisitorTableViewController.swift in Sources */ = {isa = PBXBuildFile; fileRef = 6929BD79222CC9B300EE13FA /* VisitorTableViewController.swift */; };
		6929BD7D222CD00E00EE13FA /* VisitorView.swift in Sources */ = {isa = PBXBuildFile; fileRef = 6929BD7C222CD00E00EE13FA /* VisitorView.swift */; };
		6929BD7F222CE5E900EE13FA /* UILabel+Extension.swift in Sources */ = {isa = PBXBuildFile; fileRef = 6929BD7E222CE5E900EE13FA /* UILabel+Extension.swift */; };
		6929BD81222D541400EE13FA /* Common.swift in Sources */ = {isa = PBXBuildFile; fileRef = 6929BD80222D541400EE13FA /* Common.swift */; };
		692A01592251A58500131A21 /* RetweetedStatusCell.swift in Sources */ = {isa = PBXBuildFile; fileRef = 692A01582251A58500131A21 /* RetweetedStatusCell.swift */; };
		6931F234222F6A07008B4948 /* OAuthLoginViewController.swift in Sources */ = {isa = PBXBuildFile; fileRef = 6931F233222F6A07008B4948 /* OAuthLoginViewController.swift */; };
		6931F237222FB335008B4948 /* String+Extension.swift in Sources */ = {isa = PBXBuildFile; fileRef = 6931F236222FB335008B4948 /* String+Extension.swift */; };
		6933AE412230F1B5003612CA /* UserAccount.swift in Sources */ = {isa = PBXBuildFile; fileRef = 6933AE402230F1B5003612CA /* UserAccount.swift */; };
		6936FC5E222B724C002B9A19 /* MainViewController.swift in Sources */ = {isa = PBXBuildFile; fileRef = 6936FC5D222B724C002B9A19 /* MainViewController.swift */; };
		6936FC60222B7284002B9A19 /* HomeTableViewController.swift in Sources */ = {isa = PBXBuildFile; fileRef = 6936FC5F222B7284002B9A19 /* HomeTableViewController.swift */; };
		6936FC62222B7294002B9A19 /* MassageTableViewController.swift in Sources */ = {isa = PBXBuildFile; fileRef = 6936FC61222B7294002B9A19 /* MassageTableViewController.swift */; };
		6936FC64222B72A1002B9A19 /* DiscoverTableViewController.swift in Sources */ = {isa = PBXBuildFile; fileRef = 6936FC63222B72A1002B9A19 /* DiscoverTableViewController.swift */; };
		6936FC66222B72B2002B9A19 /* ProfileTableViewController.swift in Sources */ = {isa = PBXBuildFile; fileRef = 6936FC65222B72B2002B9A19 /* ProfileTableViewController.swift */; };
		6938D1F322389130004390DE /* SDWebImage.framework in Frameworks */ = {isa = PBXBuildFile; fileRef = 6938D1F222389130004390DE /* SDWebImage.framework */; };
		6938D1F522389523004390DE /* Assets.xcassets in Resources */ = {isa = PBXBuildFile; fileRef = 6938D1F422389523004390DE /* Assets.xcassets */; };
		6938D1F72238B2E0004390DE /* SVProgressHUD.framework in Frameworks */ = {isa = PBXBuildFile; fileRef = 6938D1F62238B2E0004390DE /* SVProgressHUD.framework */; };
		69396A7222487A020005E981 /* Status.swift in Sources */ = {isa = PBXBuildFile; fileRef = 69396A7122487A020005E981 /* Status.swift */; };
		69396A742248C84E0005E981 /* StatusVListiewModel.swift in Sources */ = {isa = PBXBuildFile; fileRef = 69396A732248C84E0005E981 /* StatusVListiewModel.swift */; };
		69396A762248D5260005E981 /* User.swift in Sources */ = {isa = PBXBuildFile; fileRef = 69396A752248D5260005E981 /* User.swift */; };
		69396A782248EF1E0005E981 /* StatusViewModel.swift in Sources */ = {isa = PBXBuildFile; fileRef = 69396A772248EF1E0005E981 /* StatusViewModel.swift */; };
		69396A7A2248F3930005E981 /* StatusCell.swift in Sources */ = {isa = PBXBuildFile; fileRef = 69396A792248F3930005E981 /* StatusCell.swift */; };
		69396A7D2248F3F30005E981 /* StatusTopView.swift in Sources */ = {isa = PBXBuildFile; fileRef = 69396A7C2248F3F30005E981 /* StatusTopView.swift */; };
		69396A7F2248F4C20005E981 /* StatusBottomView.swift in Sources */ = {isa = PBXBuildFile; fileRef = 69396A7E2248F4C20005E981 /* StatusBottomView.swift */; };
		6939D95F2233660F004E7623 /* UserAccountViewModel.swift in Sources */ = {isa = PBXBuildFile; fileRef = 6939D95E2233660F004E7623 /* UserAccountViewModel.swift */; };
		696370B32237B61E00DBAC0C /* AFNetworking.framework in Frameworks */ = {isa = PBXBuildFile; fileRef = 696370B22237B61E00DBAC0C /* AFNetworking.framework */; };
		696370B52237B61E00DBAC0C /* SnapKit.framework in Frameworks */ = {isa = PBXBuildFile; fileRef = 696370B42237B61E00DBAC0C /* SnapKit.framework */; };
		6976DA3C2236834D009E17EC /* WelcomeViewController.swift in Sources */ = {isa = PBXBuildFile; fileRef = 6976DA3B2236834D009E17EC /* WelcomeViewController.swift */; };
		69B0B3DC222EB3290020014B /* AFNetworkTool.swift in Sources */ = {isa = PBXBuildFile; fileRef = 69B0B3DB222EB3290020014B /* AFNetworkTool.swift */; };
		69C5C0D0224A0B270000D39D /* StatusPictureView.swift in Sources */ = {isa = PBXBuildFile; fileRef = 69C5C0CF224A0B270000D39D /* StatusPictureView.swift */; };
		69DFBD6322360B57007AF947 /* NewFeatureCollectionViewController.swift in Sources */ = {isa = PBXBuildFile; fileRef = 69DFBD6222360B57007AF947 /* NewFeatureCollectionViewController.swift */; };
		69E59F4522296D1C00497ECF /* AppDelegate.swift in Sources */ = {isa = PBXBuildFile; fileRef = 69E59F4422296D1C00497ECF /* AppDelegate.swift */; };
		69E59F5A22296D1D00497ECF /* ____Tests.swift in Sources */ = {isa = PBXBuildFile; fileRef = 69E59F5922296D1D00497ECF /* ____Tests.swift */; };
		69E59F6522296D1D00497ECF /* ____UITests.swift in Sources */ = {isa = PBXBuildFile; fileRef = 69E59F6422296D1D00497ECF /* ____UITests.swift */; };
		DAD97E374A3C62C11561EA54 /* Pods_____Tests.framework in Frameworks */ = {isa = PBXBuildFile; fileRef = ABB0613494533908FF12D2CF /* Pods_____Tests.framework */; };
/* End PBXBuildFile section */

/* Begin PBXContainerItemProxy section */
		69E59F5622296D1D00497ECF /* PBXContainerItemProxy */ = {
			isa = PBXContainerItemProxy;
			containerPortal = 69E59F3922296D1B00497ECF /* Project object */;
			proxyType = 1;
			remoteGlobalIDString = 69E59F4022296D1B00497ECF;
			remoteInfo = "新浪微博";
		};
		69E59F6122296D1D00497ECF /* PBXContainerItemProxy */ = {
			isa = PBXContainerItemProxy;
			containerPortal = 69E59F3922296D1B00497ECF /* Project object */;
			proxyType = 1;
			remoteGlobalIDString = 69E59F4022296D1B00497ECF;
			remoteInfo = "新浪微博";
		};
/* End PBXContainerItemProxy section */

/* Begin PBXFileReference section */
		57BE8FF9ACD0C183D4453DB3 /* Pods-新浪微博.debug.xcconfig */ = {isa = PBXFileReference; includeInIndex = 1; lastKnownFileType = text.xcconfig; name = "Pods-新浪微博.debug.xcconfig"; path = "Pods/Target Support Files/Pods-新浪微博/Pods-新浪微博.debug.xcconfig"; sourceTree = "<group>"; };
		6929BD77222CB16200EE13FA /* UIButton+Extension.swift */ = {isa = PBXFileReference; lastKnownFileType = sourcecode.swift; path = "UIButton+Extension.swift"; sourceTree = "<group>"; };
		6929BD79222CC9B300EE13FA /* VisitorTableViewController.swift */ = {isa = PBXFileReference; lastKnownFileType = sourcecode.swift; path = VisitorTableViewController.swift; sourceTree = "<group>"; };
		6929BD7C222CD00E00EE13FA /* VisitorView.swift */ = {isa = PBXFileReference; lastKnownFileType = sourcecode.swift; path = VisitorView.swift; sourceTree = "<group>"; };
		6929BD7E222CE5E900EE13FA /* UILabel+Extension.swift */ = {isa = PBXFileReference; lastKnownFileType = sourcecode.swift; path = "UILabel+Extension.swift"; sourceTree = "<group>"; };
		6929BD80222D541400EE13FA /* Common.swift */ = {isa = PBXFileReference; lastKnownFileType = sourcecode.swift; path = Common.swift; sourceTree = "<group>"; };
		692A01582251A58500131A21 /* RetweetedStatusCell.swift */ = {isa = PBXFileReference; lastKnownFileType = sourcecode.swift; path = RetweetedStatusCell.swift; sourceTree = "<group>"; };
		6931F233222F6A07008B4948 /* OAuthLoginViewController.swift */ = {isa = PBXFileReference; lastKnownFileType = sourcecode.swift; path = OAuthLoginViewController.swift; sourceTree = "<group>"; };
		6931F236222FB335008B4948 /* String+Extension.swift */ = {isa = PBXFileReference; lastKnownFileType = sourcecode.swift; path = "String+Extension.swift"; sourceTree = "<group>"; };
		6933AE402230F1B5003612CA /* UserAccount.swift */ = {isa = PBXFileReference; lastKnownFileType = sourcecode.swift; path = UserAccount.swift; sourceTree = "<group>"; };
		6936FC5D222B724C002B9A19 /* MainViewController.swift */ = {isa = PBXFileReference; lastKnownFileType = sourcecode.swift; path = MainViewController.swift; sourceTree = "<group>"; };
		6936FC5F222B7284002B9A19 /* HomeTableViewController.swift */ = {isa = PBXFileReference; lastKnownFileType = sourcecode.swift; path = HomeTableViewController.swift; sourceTree = "<group>"; };
		6936FC61222B7294002B9A19 /* MassageTableViewController.swift */ = {isa = PBXFileReference; lastKnownFileType = sourcecode.swift; path = MassageTableViewController.swift; sourceTree = "<group>"; };
		6936FC63222B72A1002B9A19 /* DiscoverTableViewController.swift */ = {isa = PBXFileReference; lastKnownFileType = sourcecode.swift; path = DiscoverTableViewController.swift; sourceTree = "<group>"; };
		6936FC65222B72B2002B9A19 /* ProfileTableViewController.swift */ = {isa = PBXFileReference; lastKnownFileType = sourcecode.swift; path = ProfileTableViewController.swift; sourceTree = "<group>"; };
		6938D1F222389130004390DE /* SDWebImage.framework */ = {isa = PBXFileReference; explicitFileType = wrapper.framework; path = SDWebImage.framework; sourceTree = BUILT_PRODUCTS_DIR; };
		6938D1F422389523004390DE /* Assets.xcassets */ = {isa = PBXFileReference; lastKnownFileType = folder.assetcatalog; path = Assets.xcassets; sourceTree = "<group>"; };
		6938D1F62238B2E0004390DE /* SVProgressHUD.framework */ = {isa = PBXFileReference; explicitFileType = wrapper.framework; path = SVProgressHUD.framework; sourceTree = BUILT_PRODUCTS_DIR; };
		69396A7122487A020005E981 /* Status.swift */ = {isa = PBXFileReference; lastKnownFileType = sourcecode.swift; path = Status.swift; sourceTree = "<group>"; };
		69396A732248C84E0005E981 /* StatusVListiewModel.swift */ = {isa = PBXFileReference; lastKnownFileType = sourcecode.swift; path = StatusVListiewModel.swift; sourceTree = "<group>"; };
		69396A752248D5260005E981 /* User.swift */ = {isa = PBXFileReference; lastKnownFileType = sourcecode.swift; path = User.swift; sourceTree = "<group>"; };
		69396A772248EF1E0005E981 /* StatusViewModel.swift */ = {isa = PBXFileReference; lastKnownFileType = sourcecode.swift; path = StatusViewModel.swift; sourceTree = "<group>"; };
		69396A792248F3930005E981 /* StatusCell.swift */ = {isa = PBXFileReference; lastKnownFileType = sourcecode.swift; path = StatusCell.swift; sourceTree = "<group>"; };
		69396A7C2248F3F30005E981 /* StatusTopView.swift */ = {isa = PBXFileReference; lastKnownFileType = sourcecode.swift; path = StatusTopView.swift; sourceTree = "<group>"; };
		69396A7E2248F4C20005E981 /* StatusBottomView.swift */ = {isa = PBXFileReference; lastKnownFileType = sourcecode.swift; path = StatusBottomView.swift; sourceTree = "<group>"; };
		6939D95E2233660F004E7623 /* UserAccountViewModel.swift */ = {isa = PBXFileReference; lastKnownFileType = sourcecode.swift; path = UserAccountViewModel.swift; sourceTree = "<group>"; };
		696370B22237B61E00DBAC0C /* AFNetworking.framework */ = {isa = PBXFileReference; explicitFileType = wrapper.framework; path = AFNetworking.framework; sourceTree = BUILT_PRODUCTS_DIR; };
		696370B42237B61E00DBAC0C /* SnapKit.framework */ = {isa = PBXFileReference; explicitFileType = wrapper.framework; path = SnapKit.framework; sourceTree = BUILT_PRODUCTS_DIR; };
		6976DA3B2236834D009E17EC /* WelcomeViewController.swift */ = {isa = PBXFileReference; lastKnownFileType = sourcecode.swift; path = WelcomeViewController.swift; sourceTree = "<group>"; };
		69B0B3DB222EB3290020014B /* AFNetworkTool.swift */ = {isa = PBXFileReference; lastKnownFileType = sourcecode.swift; path = AFNetworkTool.swift; sourceTree = "<group>"; };
		69C5C0CF224A0B270000D39D /* StatusPictureView.swift */ = {isa = PBXFileReference; lastKnownFileType = sourcecode.swift; path = StatusPictureView.swift; sourceTree = "<group>"; };
		69DFBD6222360B57007AF947 /* NewFeatureCollectionViewController.swift */ = {isa = PBXFileReference; lastKnownFileType = sourcecode.swift; path = NewFeatureCollectionViewController.swift; sourceTree = "<group>"; };
		69E59F4122296D1B00497ECF /* 新浪微博.app */ = {isa = PBXFileReference; explicitFileType = wrapper.application; includeInIndex = 0; path = "新浪微博.app"; sourceTree = BUILT_PRODUCTS_DIR; };
		69E59F4422296D1C00497ECF /* AppDelegate.swift */ = {isa = PBXFileReference; lastKnownFileType = sourcecode.swift; path = AppDelegate.swift; sourceTree = "<group>"; };
		69E59F5022296D1C00497ECF /* Info.plist */ = {isa = PBXFileReference; lastKnownFileType = text.plist.xml; path = Info.plist; sourceTree = "<group>"; };
		69E59F5522296D1D00497ECF /* 新浪微博Tests.xctest */ = {isa = PBXFileReference; explicitFileType = wrapper.cfbundle; includeInIndex = 0; path = "新浪微博Tests.xctest"; sourceTree = BUILT_PRODUCTS_DIR; };
		69E59F5922296D1D00497ECF /* ____Tests.swift */ = {isa = PBXFileReference; lastKnownFileType = sourcecode.swift; path = "____Tests.swift"; sourceTree = "<group>"; };
		69E59F5B22296D1D00497ECF /* Info.plist */ = {isa = PBXFileReference; lastKnownFileType = text.plist.xml; path = Info.plist; sourceTree = "<group>"; };
		69E59F6022296D1D00497ECF /* 新浪微博UITests.xctest */ = {isa = PBXFileReference; explicitFileType = wrapper.cfbundle; includeInIndex = 0; path = "新浪微博UITests.xctest"; sourceTree = BUILT_PRODUCTS_DIR; };
		69E59F6422296D1D00497ECF /* ____UITests.swift */ = {isa = PBXFileReference; lastKnownFileType = sourcecode.swift; path = "____UITests.swift"; sourceTree = "<group>"; };
		69E59F6622296D1D00497ECF /* Info.plist */ = {isa = PBXFileReference; lastKnownFileType = text.plist.xml; path = Info.plist; sourceTree = "<group>"; };
		ABB0613494533908FF12D2CF /* Pods_____Tests.framework */ = {isa = PBXFileReference; explicitFileType = wrapper.framework; includeInIndex = 0; path = "Pods_____Tests.framework"; sourceTree = BUILT_PRODUCTS_DIR; };
		B7FB410EDD8C80CAB2324CB8 /* Pods-新浪微博.release.xcconfig */ = {isa = PBXFileReference; includeInIndex = 1; lastKnownFileType = text.xcconfig; name = "Pods-新浪微博.release.xcconfig"; path = "Pods/Target Support Files/Pods-新浪微博/Pods-新浪微博.release.xcconfig"; sourceTree = "<group>"; };
		BC56D22369D0824BEE545505 /* Pods-新浪微博Tests.debug.xcconfig */ = {isa = PBXFileReference; includeInIndex = 1; lastKnownFileType = text.xcconfig; name = "Pods-新浪微博Tests.debug.xcconfig"; path = "Pods/Target Support Files/Pods-新浪微博Tests/Pods-新浪微博Tests.debug.xcconfig"; sourceTree = "<group>"; };
		CEB944DD4454E1BDAB30EA06 /* Pods-新浪微博UITests.debug.xcconfig */ = {isa = PBXFileReference; includeInIndex = 1; lastKnownFileType = text.xcconfig; name = "Pods-新浪微博UITests.debug.xcconfig"; path = "Pods/Target Support Files/Pods-新浪微博UITests/Pods-新浪微博UITests.debug.xcconfig"; sourceTree = "<group>"; };
		DB0E9620A00771451CD681F6 /* Pods_____UITests.framework */ = {isa = PBXFileReference; explicitFileType = wrapper.framework; includeInIndex = 0; path = "Pods_____UITests.framework"; sourceTree = BUILT_PRODUCTS_DIR; };
		EBBD468EAF8887B62B004CD4 /* Pods-新浪微博Tests.release.xcconfig */ = {isa = PBXFileReference; includeInIndex = 1; lastKnownFileType = text.xcconfig; name = "Pods-新浪微博Tests.release.xcconfig"; path = "Pods/Target Support Files/Pods-新浪微博Tests/Pods-新浪微博Tests.release.xcconfig"; sourceTree = "<group>"; };
		F0846DA478CA845DFED42F2A /* Pods-新浪微博UITests.release.xcconfig */ = {isa = PBXFileReference; includeInIndex = 1; lastKnownFileType = text.xcconfig; name = "Pods-新浪微博UITests.release.xcconfig"; path = "Pods/Target Support Files/Pods-新浪微博UITests/Pods-新浪微博UITests.release.xcconfig"; sourceTree = "<group>"; };
		FFB1ACBB608ACCD47C387A44 /* Pods_____.framework */ = {isa = PBXFileReference; explicitFileType = wrapper.framework; includeInIndex = 0; path = "Pods_____.framework"; sourceTree = BUILT_PRODUCTS_DIR; };
/* End PBXFileReference section */

/* Begin PBXFrameworksBuildPhase section */
		69E59F3E22296D1B00497ECF /* Frameworks */ = {
			isa = PBXFrameworksBuildPhase;
			buildActionMask = 2147483647;
			files = (
				6938D1F72238B2E0004390DE /* SVProgressHUD.framework in Frameworks */,
				6938D1F322389130004390DE /* SDWebImage.framework in Frameworks */,
				696370B32237B61E00DBAC0C /* AFNetworking.framework in Frameworks */,
				696370B52237B61E00DBAC0C /* SnapKit.framework in Frameworks */,
			);
			runOnlyForDeploymentPostprocessing = 0;
		};
		69E59F5222296D1D00497ECF /* Frameworks */ = {
			isa = PBXFrameworksBuildPhase;
			buildActionMask = 2147483647;
			files = (
				DAD97E374A3C62C11561EA54 /* Pods_____Tests.framework in Frameworks */,
			);
			runOnlyForDeploymentPostprocessing = 0;
		};
		69E59F5D22296D1D00497ECF /* Frameworks */ = {
			isa = PBXFrameworksBuildPhase;
			buildActionMask = 2147483647;
			files = (
				37F93FBCD7A75B1BBFCE2AA4 /* Pods_____UITests.framework in Frameworks */,
			);
			runOnlyForDeploymentPostprocessing = 0;
		};
/* End PBXFrameworksBuildPhase section */

/* Begin PBXGroup section */
		4210C259D91CBD42A09CC072 /* Frameworks */ = {
			isa = PBXGroup;
			children = (
				6938D1F62238B2E0004390DE /* SVProgressHUD.framework */,
				6938D1F222389130004390DE /* SDWebImage.framework */,
				696370B22237B61E00DBAC0C /* AFNetworking.framework */,
				696370B42237B61E00DBAC0C /* SnapKit.framework */,
				FFB1ACBB608ACCD47C387A44 /* Pods_____.framework */,
				ABB0613494533908FF12D2CF /* Pods_____Tests.framework */,
				DB0E9620A00771451CD681F6 /* Pods_____UITests.framework */,
			);
			name = Frameworks;
			sourceTree = "<group>";
		};
		6929BD76222CAEA800EE13FA /* Extension */ = {
			isa = PBXGroup;
			children = (
				6929BD77222CB16200EE13FA /* UIButton+Extension.swift */,
				6929BD7E222CE5E900EE13FA /* UILabel+Extension.swift */,
				6931F236222FB335008B4948 /* String+Extension.swift */,
			);
			path = Extension;
			sourceTree = "<group>";
		};
		6929BD7B222CC9B900EE13FA /* Visitor */ = {
			isa = PBXGroup;
			children = (
				6929BD79222CC9B300EE13FA /* VisitorTableViewController.swift */,
				6929BD7C222CD00E00EE13FA /* VisitorView.swift */,
			);
			path = Visitor;
			sourceTree = "<group>";
		};
		6931F235222F6A16008B4948 /* OAuth */ = {
			isa = PBXGroup;
			children = (
				6931F233222F6A07008B4948 /* OAuthLoginViewController.swift */,
			);
			path = OAuth;
			sourceTree = "<group>";
		};
		6936FC53222B705C002B9A19 /* Classes */ = {
			isa = PBXGroup;
			children = (
				6936FC54222B7066002B9A19 /* Tools */,
				6936FC57222B7074002B9A19 /* View */,
				6936FC56222B7072002B9A19 /* ViewModel */,
				6936FC55222B706F002B9A19 /* Model */,
			);
			path = Classes;
			sourceTree = "<group>";
		};
		6936FC54222B7066002B9A19 /* Tools */ = {
			isa = PBXGroup;
			children = (
				6929BD76222CAEA800EE13FA /* Extension */,
				6929BD80222D541400EE13FA /* Common.swift */,
				69B0B3DB222EB3290020014B /* AFNetworkTool.swift */,
			);
			path = Tools;
			sourceTree = "<group>";
		};
		6936FC55222B706F002B9A19 /* Model */ = {
			isa = PBXGroup;
			children = (
				6933AE402230F1B5003612CA /* UserAccount.swift */,
				69396A7122487A020005E981 /* Status.swift */,
				69396A752248D5260005E981 /* User.swift */,
			);
			path = Model;
			sourceTree = "<group>";
		};
		6936FC56222B7072002B9A19 /* ViewModel */ = {
			isa = PBXGroup;
			children = (
				6939D95E2233660F004E7623 /* UserAccountViewModel.swift */,
				69396A732248C84E0005E981 /* StatusVListiewModel.swift */,
				69396A772248EF1E0005E981 /* StatusViewModel.swift */,
			);
			path = ViewModel;
			sourceTree = "<group>";
		};
		6936FC57222B7074002B9A19 /* View */ = {
			isa = PBXGroup;
			children = (
				6931F235222F6A16008B4948 /* OAuth */,
				6936FC5B222B70A9002B9A19 /* Main */,
				6936FC5C222B70CD002B9A19 /* Home */,
				6936FC59222B70A4002B9A19 /* Massage */,
				6936FC5A222B70A6002B9A19 /* Discover */,
				6936FC58222B70A1002B9A19 /* Profile */,
			);
			path = View;
			sourceTree = "<group>";
		};
		6936FC58222B70A1002B9A19 /* Profile */ = {
			isa = PBXGroup;
			children = (
				6936FC65222B72B2002B9A19 /* ProfileTableViewController.swift */,
			);
			path = Profile;
			sourceTree = "<group>";
		};
		6936FC59222B70A4002B9A19 /* Massage */ = {
			isa = PBXGroup;
			children = (
				6936FC61222B7294002B9A19 /* MassageTableViewController.swift */,
			);
			path = Massage;
			sourceTree = "<group>";
		};
		6936FC5A222B70A6002B9A19 /* Discover */ = {
			isa = PBXGroup;
			children = (
				6936FC63222B72A1002B9A19 /* DiscoverTableViewController.swift */,
			);
			path = Discover;
			sourceTree = "<group>";
		};
		6936FC5B222B70A9002B9A19 /* Main */ = {
			isa = PBXGroup;
			children = (
				69DFBD6122360B3C007AF947 /* NewFeature */,
				6929BD7B222CC9B900EE13FA /* Visitor */,
				6936FC5D222B724C002B9A19 /* MainViewController.swift */,
			);
			path = Main;
			sourceTree = "<group>";
		};
		6936FC5C222B70CD002B9A19 /* Home */ = {
			isa = PBXGroup;
			children = (
				69396A7B2248F3A00005E981 /* StatusCell */,
				6936FC5F222B7284002B9A19 /* HomeTableViewController.swift */,
			);
			path = Home;
			sourceTree = "<group>";
		};
		69396A7B2248F3A00005E981 /* StatusCell */ = {
			isa = PBXGroup;
			children = (
				69396A792248F3930005E981 /* StatusCell.swift */,
				692A01582251A58500131A21 /* RetweetedStatusCell.swift */,
				69396A7C2248F3F30005E981 /* StatusTopView.swift */,
				69396A7E2248F4C20005E981 /* StatusBottomView.swift */,
				69C5C0CF224A0B270000D39D /* StatusPictureView.swift */,
			);
			path = StatusCell;
			sourceTree = "<group>";
		};
		69DFBD6122360B3C007AF947 /* NewFeature */ = {
			isa = PBXGroup;
			children = (
				69DFBD6222360B57007AF947 /* NewFeatureCollectionViewController.swift */,
				6976DA3B2236834D009E17EC /* WelcomeViewController.swift */,
			);
			path = NewFeature;
			sourceTree = "<group>";
		};
		69E59F3822296D1B00497ECF = {
			isa = PBXGroup;
			children = (
				69E59F4322296D1B00497ECF /* 新浪微博 */,
				69E59F5822296D1D00497ECF /* 新浪微博Tests */,
				69E59F6322296D1D00497ECF /* 新浪微博UITests */,
				69E59F4222296D1B00497ECF /* Products */,
				4210C259D91CBD42A09CC072 /* Frameworks */,
				8C17DFCDC7441D149BC945A9 /* Pods */,
			);
			sourceTree = "<group>";
		};
		69E59F4222296D1B00497ECF /* Products */ = {
			isa = PBXGroup;
			children = (
				69E59F4122296D1B00497ECF /* 新浪微博.app */,
				69E59F5522296D1D00497ECF /* 新浪微博Tests.xctest */,
				69E59F6022296D1D00497ECF /* 新浪微博UITests.xctest */,
			);
			name = Products;
			sourceTree = "<group>";
		};
		69E59F4322296D1B00497ECF /* 新浪微博 */ = {
			isa = PBXGroup;
			children = (
				6936FC53222B705C002B9A19 /* Classes */,
				69E59F4422296D1C00497ECF /* AppDelegate.swift */,
				6938D1F422389523004390DE /* Assets.xcassets */,
				69E59F5022296D1C00497ECF /* Info.plist */,
			);
			path = "新浪微博";
			sourceTree = "<group>";
		};
		69E59F5822296D1D00497ECF /* 新浪微博Tests */ = {
			isa = PBXGroup;
			children = (
				69E59F5922296D1D00497ECF /* ____Tests.swift */,
				69E59F5B22296D1D00497ECF /* Info.plist */,
			);
			path = "新浪微博Tests";
			sourceTree = "<group>";
		};
		69E59F6322296D1D00497ECF /* 新浪微博UITests */ = {
			isa = PBXGroup;
			children = (
				69E59F6422296D1D00497ECF /* ____UITests.swift */,
				69E59F6622296D1D00497ECF /* Info.plist */,
			);
			path = "新浪微博UITests";
			sourceTree = "<group>";
		};
		8C17DFCDC7441D149BC945A9 /* Pods */ = {
			isa = PBXGroup;
			children = (
				57BE8FF9ACD0C183D4453DB3 /* Pods-新浪微博.debug.xcconfig */,
				B7FB410EDD8C80CAB2324CB8 /* Pods-新浪微博.release.xcconfig */,
				BC56D22369D0824BEE545505 /* Pods-新浪微博Tests.debug.xcconfig */,
				EBBD468EAF8887B62B004CD4 /* Pods-新浪微博Tests.release.xcconfig */,
				CEB944DD4454E1BDAB30EA06 /* Pods-新浪微博UITests.debug.xcconfig */,
				F0846DA478CA845DFED42F2A /* Pods-新浪微博UITests.release.xcconfig */,
			);
			name = Pods;
			sourceTree = "<group>";
		};
/* End PBXGroup section */

/* Begin PBXNativeTarget section */
		69E59F4022296D1B00497ECF /* 新浪微博 */ = {
			isa = PBXNativeTarget;
			buildConfigurationList = 69E59F6922296D1D00497ECF /* Build configuration list for PBXNativeTarget "新浪微博" */;
			buildPhases = (
				D01D58729F65A57504F920D7 /* [CP] Check Pods Manifest.lock */,
				69E59F3D22296D1B00497ECF /* Sources */,
				69E59F3E22296D1B00497ECF /* Frameworks */,
				69E59F3F22296D1B00497ECF /* Resources */,
				46425275A3DE9EC0EB64DA14 /* [CP] Embed Pods Frameworks */,
			);
			buildRules = (
			);
			dependencies = (
			);
			name = "新浪微博";
			productName = "新浪微博";
			productReference = 69E59F4122296D1B00497ECF /* 新浪微博.app */;
			productType = "com.apple.product-type.application";
		};
		69E59F5422296D1D00497ECF /* 新浪微博Tests */ = {
			isa = PBXNativeTarget;
			buildConfigurationList = 69E59F6C22296D1D00497ECF /* Build configuration list for PBXNativeTarget "新浪微博Tests" */;
			buildPhases = (
				18C550124B560802633981EE /* [CP] Check Pods Manifest.lock */,
				69E59F5122296D1D00497ECF /* Sources */,
				69E59F5222296D1D00497ECF /* Frameworks */,
				69E59F5322296D1D00497ECF /* Resources */,
			);
			buildRules = (
			);
			dependencies = (
				69E59F5722296D1D00497ECF /* PBXTargetDependency */,
			);
			name = "新浪微博Tests";
			productName = "新浪微博Tests";
			productReference = 69E59F5522296D1D00497ECF /* 新浪微博Tests.xctest */;
			productType = "com.apple.product-type.bundle.unit-test";
		};
		69E59F5F22296D1D00497ECF /* 新浪微博UITests */ = {
			isa = PBXNativeTarget;
			buildConfigurationList = 69E59F6F22296D1D00497ECF /* Build configuration list for PBXNativeTarget "新浪微博UITests" */;
			buildPhases = (
				EE43683FEB8684DC5C9C8983 /* [CP] Check Pods Manifest.lock */,
				69E59F5C22296D1D00497ECF /* Sources */,
				69E59F5D22296D1D00497ECF /* Frameworks */,
				69E59F5E22296D1D00497ECF /* Resources */,
			);
			buildRules = (
			);
			dependencies = (
				69E59F6222296D1D00497ECF /* PBXTargetDependency */,
			);
			name = "新浪微博UITests";
			productName = "新浪微博UITests";
			productReference = 69E59F6022296D1D00497ECF /* 新浪微博UITests.xctest */;
			productType = "com.apple.product-type.bundle.ui-testing";
		};
/* End PBXNativeTarget section */

/* Begin PBXProject section */
		69E59F3922296D1B00497ECF /* Project object */ = {
			isa = PBXProject;
			attributes = {
				LastSwiftUpdateCheck = 1010;
				LastUpgradeCheck = 1010;
				ORGANIZATIONNAME = "梁华建";
				TargetAttributes = {
					69E59F4022296D1B00497ECF = {
						CreatedOnToolsVersion = 10.1;
						LastSwiftMigration = 1010;
					};
					69E59F5422296D1D00497ECF = {
						CreatedOnToolsVersion = 10.1;
						TestTargetID = 69E59F4022296D1B00497ECF;
					};
					69E59F5F22296D1D00497ECF = {
						CreatedOnToolsVersion = 10.1;
						TestTargetID = 69E59F4022296D1B00497ECF;
					};
				};
			};
			buildConfigurationList = 69E59F3C22296D1B00497ECF /* Build configuration list for PBXProject "新浪微博" */;
			compatibilityVersion = "Xcode 9.3";
			developmentRegion = en;
			hasScannedForEncodings = 0;
			knownRegions = (
				en,
				Base,
			);
			mainGroup = 69E59F3822296D1B00497ECF;
			productRefGroup = 69E59F4222296D1B00497ECF /* Products */;
			projectDirPath = "";
			projectRoot = "";
			targets = (
				69E59F4022296D1B00497ECF /* 新浪微博 */,
				69E59F5422296D1D00497ECF /* 新浪微博Tests */,
				69E59F5F22296D1D00497ECF /* 新浪微博UITests */,
			);
		};
/* End PBXProject section */

/* Begin PBXResourcesBuildPhase section */
		69E59F3F22296D1B00497ECF /* Resources */ = {
			isa = PBXResourcesBuildPhase;
			buildActionMask = 2147483647;
			files = (
				6938D1F522389523004390DE /* Assets.xcassets in Resources */,
			);
			runOnlyForDeploymentPostprocessing = 0;
		};
		69E59F5322296D1D00497ECF /* Resources */ = {
			isa = PBXResourcesBuildPhase;
			buildActionMask = 2147483647;
			files = (
			);
			runOnlyForDeploymentPostprocessing = 0;
		};
		69E59F5E22296D1D00497ECF /* Resources */ = {
			isa = PBXResourcesBuildPhase;
			buildActionMask = 2147483647;
			files = (
			);
			runOnlyForDeploymentPostprocessing = 0;
		};
/* End PBXResourcesBuildPhase section */

/* Begin PBXShellScriptBuildPhase section */
		18C550124B560802633981EE /* [CP] Check Pods Manifest.lock */ = {
			isa = PBXShellScriptBuildPhase;
			buildActionMask = 2147483647;
			files = (
			);
			inputFileListPaths = (
			);
			inputPaths = (
				"${PODS_PODFILE_DIR_PATH}/Podfile.lock",
				"${PODS_ROOT}/Manifest.lock",
			);
			name = "[CP] Check Pods Manifest.lock";
			outputFileListPaths = (
			);
			outputPaths = (
				"$(DERIVED_FILE_DIR)/Pods-新浪微博Tests-checkManifestLockResult.txt",
			);
			runOnlyForDeploymentPostprocessing = 0;
			shellPath = /bin/sh;
			shellScript = "diff \"${PODS_PODFILE_DIR_PATH}/Podfile.lock\" \"${PODS_ROOT}/Manifest.lock\" > /dev/null\nif [ $? != 0 ] ; then\n    # print error to STDERR\n    echo \"error: The sandbox is not in sync with the Podfile.lock. Run 'pod install' or update your CocoaPods installation.\" >&2\n    exit 1\nfi\n# This output is used by Xcode 'outputs' to avoid re-running this script phase.\necho \"SUCCESS\" > \"${SCRIPT_OUTPUT_FILE_0}\"\n";
			showEnvVarsInLog = 0;
		};
		46425275A3DE9EC0EB64DA14 /* [CP] Embed Pods Frameworks */ = {
			isa = PBXShellScriptBuildPhase;
			buildActionMask = 2147483647;
			files = (
			);
			inputFileListPaths = (
			);
			inputPaths = (
				"${SRCROOT}/Pods/Target Support Files/Pods-新浪微博/Pods-新浪微博-frameworks.sh",
				"${BUILT_PRODUCTS_DIR}/AFNetworking/AFNetworking.framework",
				"${BUILT_PRODUCTS_DIR}/SDWebImage/SDWebImage.framework",
				"${BUILT_PRODUCTS_DIR}/SVProgressHUD/SVProgressHUD.framework",
				"${BUILT_PRODUCTS_DIR}/SnapKit/SnapKit.framework",
			);
			name = "[CP] Embed Pods Frameworks";
			outputFileListPaths = (
			);
			outputPaths = (
				"${TARGET_BUILD_DIR}/${FRAMEWORKS_FOLDER_PATH}/AFNetworking.framework",
				"${TARGET_BUILD_DIR}/${FRAMEWORKS_FOLDER_PATH}/SDWebImage.framework",
				"${TARGET_BUILD_DIR}/${FRAMEWORKS_FOLDER_PATH}/SVProgressHUD.framework",
				"${TARGET_BUILD_DIR}/${FRAMEWORKS_FOLDER_PATH}/SnapKit.framework",
			);
			runOnlyForDeploymentPostprocessing = 0;
			shellPath = /bin/sh;
			shellScript = "\"${SRCROOT}/Pods/Target Support Files/Pods-新浪微博/Pods-新浪微博-frameworks.sh\"\n";
			showEnvVarsInLog = 0;
		};
		D01D58729F65A57504F920D7 /* [CP] Check Pods Manifest.lock */ = {
			isa = PBXShellScriptBuildPhase;
			buildActionMask = 2147483647;
			files = (
			);
			inputFileListPaths = (
			);
			inputPaths = (
				"${PODS_PODFILE_DIR_PATH}/Podfile.lock",
				"${PODS_ROOT}/Manifest.lock",
			);
			name = "[CP] Check Pods Manifest.lock";
			outputFileListPaths = (
			);
			outputPaths = (
				"$(DERIVED_FILE_DIR)/Pods-新浪微博-checkManifestLockResult.txt",
			);
			runOnlyForDeploymentPostprocessing = 0;
			shellPath = /bin/sh;
			shellScript = "diff \"${PODS_PODFILE_DIR_PATH}/Podfile.lock\" \"${PODS_ROOT}/Manifest.lock\" > /dev/null\nif [ $? != 0 ] ; then\n    # print error to STDERR\n    echo \"error: The sandbox is not in sync with the Podfile.lock. Run 'pod install' or update your CocoaPods installation.\" >&2\n    exit 1\nfi\n# This output is used by Xcode 'outputs' to avoid re-running this script phase.\necho \"SUCCESS\" > \"${SCRIPT_OUTPUT_FILE_0}\"\n";
			showEnvVarsInLog = 0;
		};
		EE43683FEB8684DC5C9C8983 /* [CP] Check Pods Manifest.lock */ = {
			isa = PBXShellScriptBuildPhase;
			buildActionMask = 2147483647;
			files = (
			);
			inputFileListPaths = (
			);
			inputPaths = (
				"${PODS_PODFILE_DIR_PATH}/Podfile.lock",
				"${PODS_ROOT}/Manifest.lock",
			);
			name = "[CP] Check Pods Manifest.lock";
			outputFileListPaths = (
			);
			outputPaths = (
				"$(DERIVED_FILE_DIR)/Pods-新浪微博UITests-checkManifestLockResult.txt",
			);
			runOnlyForDeploymentPostprocessing = 0;
			shellPath = /bin/sh;
			shellScript = "diff \"${PODS_PODFILE_DIR_PATH}/Podfile.lock\" \"${PODS_ROOT}/Manifest.lock\" > /dev/null\nif [ $? != 0 ] ; then\n    # print error to STDERR\n    echo \"error: The sandbox is not in sync with the Podfile.lock. Run 'pod install' or update your CocoaPods installation.\" >&2\n    exit 1\nfi\n# This output is used by Xcode 'outputs' to avoid re-running this script phase.\necho \"SUCCESS\" > \"${SCRIPT_OUTPUT_FILE_0}\"\n";
			showEnvVarsInLog = 0;
		};
/* End PBXShellScriptBuildPhase section */

/* Begin PBXSourcesBuildPhase section */
		69E59F3D22296D1B00497ECF /* Sources */ = {
			isa = PBXSourcesBuildPhase;
			buildActionMask = 2147483647;
			files = (
				69396A7D2248F3F30005E981 /* StatusTopView.swift in Sources */,
				6931F234222F6A07008B4948 /* OAuthLoginViewController.swift in Sources */,
				6936FC66222B72B2002B9A19 /* ProfileTableViewController.swift in Sources */,
				6936FC60222B7284002B9A19 /* HomeTableViewController.swift in Sources */,
				6929BD7F222CE5E900EE13FA /* UILabel+Extension.swift in Sources */,
				69E59F4522296D1C00497ECF /* AppDelegate.swift in Sources */,
				692A01592251A58500131A21 /* RetweetedStatusCell.swift in Sources */,
				6929BD81222D541400EE13FA /* Common.swift in Sources */,
				69B0B3DC222EB3290020014B /* AFNetworkTool.swift in Sources */,
				6936FC62222B7294002B9A19 /* MassageTableViewController.swift in Sources */,
				69396A7A2248F3930005E981 /* StatusCell.swift in Sources */,
				69396A7F2248F4C20005E981 /* StatusBottomView.swift in Sources */,
				6931F237222FB335008B4948 /* String+Extension.swift in Sources */,
				6976DA3C2236834D009E17EC /* WelcomeViewController.swift in Sources */,
				6929BD7A222CC9B300EE13FA /* VisitorTableViewController.swift in Sources */,
				69396A762248D5260005E981 /* User.swift in Sources */,
				6936FC64222B72A1002B9A19 /* DiscoverTableViewController.swift in Sources */,
				6929BD7D222CD00E00EE13FA /* VisitorView.swift in Sources */,
				6936FC5E222B724C002B9A19 /* MainViewController.swift in Sources */,
				6939D95F2233660F004E7623 /* UserAccountViewModel.swift in Sources */,
				6933AE412230F1B5003612CA /* UserAccount.swift in Sources */,
				69396A742248C84E0005E981 /* StatusVListiewModel.swift in Sources */,
				69C5C0D0224A0B270000D39D /* StatusPictureView.swift in Sources */,
				69396A782248EF1E0005E981 /* StatusViewModel.swift in Sources */,
				6929BD78222CB16200EE13FA /* UIButton+Extension.swift in Sources */,
				69396A7222487A020005E981 /* Status.swift in Sources */,
				69DFBD6322360B57007AF947 /* NewFeatureCollectionViewController.swift in Sources */,
			);
			runOnlyForDeploymentPostprocessing = 0;
		};
		69E59F5122296D1D00497ECF /* Sources */ = {
			isa = PBXSourcesBuildPhase;
			buildActionMask = 2147483647;
			files = (
				69E59F5A22296D1D00497ECF /* ____Tests.swift in Sources */,
			);
			runOnlyForDeploymentPostprocessing = 0;
		};
		69E59F5C22296D1D00497ECF /* Sources */ = {
			isa = PBXSourcesBuildPhase;
			buildActionMask = 2147483647;
			files = (
				69E59F6522296D1D00497ECF /* ____UITests.swift in Sources */,
			);
			runOnlyForDeploymentPostprocessing = 0;
		};
/* End PBXSourcesBuildPhase section */

/* Begin PBXTargetDependency section */
		69E59F5722296D1D00497ECF /* PBXTargetDependency */ = {
			isa = PBXTargetDependency;
			target = 69E59F4022296D1B00497ECF /* 新浪微博 */;
			targetProxy = 69E59F5622296D1D00497ECF /* PBXContainerItemProxy */;
		};
		69E59F6222296D1D00497ECF /* PBXTargetDependency */ = {
			isa = PBXTargetDependency;
			target = 69E59F4022296D1B00497ECF /* 新浪微博 */;
			targetProxy = 69E59F6122296D1D00497ECF /* PBXContainerItemProxy */;
		};
/* End PBXTargetDependency section */

/* Begin XCBuildConfiguration section */
		69E59F6722296D1D00497ECF /* Debug */ = {
			isa = XCBuildConfiguration;
			buildSettings = {
				ALWAYS_SEARCH_USER_PATHS = NO;
				CLANG_ANALYZER_NONNULL = YES;
				CLANG_ANALYZER_NUMBER_OBJECT_CONVERSION = YES_AGGRESSIVE;
				CLANG_CXX_LANGUAGE_STANDARD = "gnu++14";
				CLANG_CXX_LIBRARY = "libc++";
				CLANG_ENABLE_MODULES = YES;
				CLANG_ENABLE_OBJC_ARC = YES;
				CLANG_ENABLE_OBJC_WEAK = YES;
				CLANG_WARN_BLOCK_CAPTURE_AUTORELEASING = YES;
				CLANG_WARN_BOOL_CONVERSION = YES;
				CLANG_WARN_COMMA = YES;
				CLANG_WARN_CONSTANT_CONVERSION = YES;
				CLANG_WARN_DEPRECATED_OBJC_IMPLEMENTATIONS = YES;
				CLANG_WARN_DIRECT_OBJC_ISA_USAGE = YES_ERROR;
				CLANG_WARN_DOCUMENTATION_COMMENTS = YES;
				CLANG_WARN_EMPTY_BODY = YES;
				CLANG_WARN_ENUM_CONVERSION = YES;
				CLANG_WARN_INFINITE_RECURSION = YES;
				CLANG_WARN_INT_CONVERSION = YES;
				CLANG_WARN_NON_LITERAL_NULL_CONVERSION = YES;
				CLANG_WARN_OBJC_IMPLICIT_RETAIN_SELF = YES;
				CLANG_WARN_OBJC_LITERAL_CONVERSION = YES;
				CLANG_WARN_OBJC_ROOT_CLASS = YES_ERROR;
				CLANG_WARN_RANGE_LOOP_ANALYSIS = YES;
				CLANG_WARN_STRICT_PROTOTYPES = YES;
				CLANG_WARN_SUSPICIOUS_MOVE = YES;
				CLANG_WARN_UNGUARDED_AVAILABILITY = YES_AGGRESSIVE;
				CLANG_WARN_UNREACHABLE_CODE = YES;
				CLANG_WARN__DUPLICATE_METHOD_MATCH = YES;
				CODE_SIGN_IDENTITY = "iPhone Developer";
				COPY_PHASE_STRIP = NO;
				DEBUG_INFORMATION_FORMAT = dwarf;
				ENABLE_STRICT_OBJC_MSGSEND = YES;
				ENABLE_TESTABILITY = YES;
				GCC_C_LANGUAGE_STANDARD = gnu11;
				GCC_DYNAMIC_NO_PIC = NO;
				GCC_NO_COMMON_BLOCKS = YES;
				GCC_OPTIMIZATION_LEVEL = 0;
				GCC_PREPROCESSOR_DEFINITIONS = (
					"DEBUG=1",
					"$(inherited)",
				);
				GCC_WARN_64_TO_32_BIT_CONVERSION = YES;
				GCC_WARN_ABOUT_RETURN_TYPE = YES_ERROR;
				GCC_WARN_UNDECLARED_SELECTOR = YES;
				GCC_WARN_UNINITIALIZED_AUTOS = YES_AGGRESSIVE;
				GCC_WARN_UNUSED_FUNCTION = YES;
				GCC_WARN_UNUSED_VARIABLE = YES;
				IPHONEOS_DEPLOYMENT_TARGET = 12.1;
				MTL_ENABLE_DEBUG_INFO = INCLUDE_SOURCE;
				MTL_FAST_MATH = YES;
				ONLY_ACTIVE_ARCH = YES;
				OTHER_LDFLAGS = "";
				SDKROOT = iphoneos;
				SWIFT_ACTIVE_COMPILATION_CONDITIONS = DEBUG;
				SWIFT_OPTIMIZATION_LEVEL = "-Onone";
				SWIFT_PRECOMPILE_BRIDGING_HEADER = NO;
			};
			name = Debug;
		};
		69E59F6822296D1D00497ECF /* Release */ = {
			isa = XCBuildConfiguration;
			buildSettings = {
				ALWAYS_SEARCH_USER_PATHS = NO;
				CLANG_ANALYZER_NONNULL = YES;
				CLANG_ANALYZER_NUMBER_OBJECT_CONVERSION = YES_AGGRESSIVE;
				CLANG_CXX_LANGUAGE_STANDARD = "gnu++14";
				CLANG_CXX_LIBRARY = "libc++";
				CLANG_ENABLE_MODULES = YES;
				CLANG_ENABLE_OBJC_ARC = YES;
				CLANG_ENABLE_OBJC_WEAK = YES;
				CLANG_WARN_BLOCK_CAPTURE_AUTORELEASING = YES;
				CLANG_WARN_BOOL_CONVERSION = YES;
				CLANG_WARN_COMMA = YES;
				CLANG_WARN_CONSTANT_CONVERSION = YES;
				CLANG_WARN_DEPRECATED_OBJC_IMPLEMENTATIONS = YES;
				CLANG_WARN_DIRECT_OBJC_ISA_USAGE = YES_ERROR;
				CLANG_WARN_DOCUMENTATION_COMMENTS = YES;
				CLANG_WARN_EMPTY_BODY = YES;
				CLANG_WARN_ENUM_CONVERSION = YES;
				CLANG_WARN_INFINITE_RECURSION = YES;
				CLANG_WARN_INT_CONVERSION = YES;
				CLANG_WARN_NON_LITERAL_NULL_CONVERSION = YES;
				CLANG_WARN_OBJC_IMPLICIT_RETAIN_SELF = YES;
				CLANG_WARN_OBJC_LITERAL_CONVERSION = YES;
				CLANG_WARN_OBJC_ROOT_CLASS = YES_ERROR;
				CLANG_WARN_RANGE_LOOP_ANALYSIS = YES;
				CLANG_WARN_STRICT_PROTOTYPES = YES;
				CLANG_WARN_SUSPICIOUS_MOVE = YES;
				CLANG_WARN_UNGUARDED_AVAILABILITY = YES_AGGRESSIVE;
				CLANG_WARN_UNREACHABLE_CODE = YES;
				CLANG_WARN__DUPLICATE_METHOD_MATCH = YES;
				CODE_SIGN_IDENTITY = "iPhone Developer";
				COPY_PHASE_STRIP = NO;
				DEBUG_INFORMATION_FORMAT = "dwarf-with-dsym";
				ENABLE_NS_ASSERTIONS = NO;
				ENABLE_STRICT_OBJC_MSGSEND = YES;
				GCC_C_LANGUAGE_STANDARD = gnu11;
				GCC_NO_COMMON_BLOCKS = YES;
				GCC_WARN_64_TO_32_BIT_CONVERSION = YES;
				GCC_WARN_ABOUT_RETURN_TYPE = YES_ERROR;
				GCC_WARN_UNDECLARED_SELECTOR = YES;
				GCC_WARN_UNINITIALIZED_AUTOS = YES_AGGRESSIVE;
				GCC_WARN_UNUSED_FUNCTION = YES;
				GCC_WARN_UNUSED_VARIABLE = YES;
				IPHONEOS_DEPLOYMENT_TARGET = 12.1;
				MTL_ENABLE_DEBUG_INFO = NO;
				MTL_FAST_MATH = YES;
				OTHER_LDFLAGS = "";
				SDKROOT = iphoneos;
				SWIFT_COMPILATION_MODE = wholemodule;
				SWIFT_OPTIMIZATION_LEVEL = "-O";
				SWIFT_PRECOMPILE_BRIDGING_HEADER = NO;
				VALIDATE_PRODUCT = YES;
			};
			name = Release;
		};
		69E59F6A22296D1D00497ECF /* Debug */ = {
			isa = XCBuildConfiguration;
			baseConfigurationReference = 57BE8FF9ACD0C183D4453DB3 /* Pods-新浪微博.debug.xcconfig */;
			buildSettings = {
				ASSETCATALOG_COMPILER_APPICON_NAME = AppIcon;
				ASSETCATALOG_COMPILER_LAUNCHIMAGE_NAME = "Brand Assets";
				CLANG_ENABLE_MODULES = YES;
				CODE_SIGN_STYLE = Automatic;
				FRAMEWORK_SEARCH_PATHS = (
					"$(inherited)",
					"$(PROJECT_DIR)",
				);
				INFOPLIST_FILE = "新浪微博/Info.plist";
				LD_RUNPATH_SEARCH_PATHS = (
					"$(inherited)",
					"@executable_path/Frameworks",
				);
				OTHER_LDFLAGS = "-ObjC";
				PRODUCT_BUNDLE_IDENTIFIER = "com.lhj.----";
				PRODUCT_NAME = "$(TARGET_NAME)";
				SWIFT_OBJC_BRIDGING_HEADER = "";
				SWIFT_OPTIMIZATION_LEVEL = "-Onone";
				SWIFT_VERSION = 4.2;
				TARGETED_DEVICE_FAMILY = "1,2";
			};
			name = Debug;
		};
		69E59F6B22296D1D00497ECF /* Release */ = {
			isa = XCBuildConfiguration;
			baseConfigurationReference = B7FB410EDD8C80CAB2324CB8 /* Pods-新浪微博.release.xcconfig */;
			buildSettings = {
				ASSETCATALOG_COMPILER_APPICON_NAME = AppIcon;
				ASSETCATALOG_COMPILER_LAUNCHIMAGE_NAME = "Brand Assets";
				CLANG_ENABLE_MODULES = YES;
				CODE_SIGN_STYLE = Automatic;
				FRAMEWORK_SEARCH_PATHS = (
					"$(inherited)",
					"$(PROJECT_DIR)",
				);
				INFOPLIST_FILE = "新浪微博/Info.plist";
				LD_RUNPATH_SEARCH_PATHS = (
					"$(inherited)",
					"@executable_path/Frameworks",
				);
				OTHER_LDFLAGS = "-ObjC";
				PRODUCT_BUNDLE_IDENTIFIER = "com.lhj.----";
				PRODUCT_NAME = "$(TARGET_NAME)";
				SWIFT_OBJC_BRIDGING_HEADER = "";
				SWIFT_VERSION = 4.2;
				TARGETED_DEVICE_FAMILY = "1,2";
			};
			name = Release;
		};
		69E59F6D22296D1D00497ECF /* Debug */ = {
			isa = XCBuildConfiguration;
			baseConfigurationReference = BC56D22369D0824BEE545505 /* Pods-新浪微博Tests.debug.xcconfig */;
			buildSettings = {
				ALWAYS_EMBED_SWIFT_STANDARD_LIBRARIES = YES;
				BUNDLE_LOADER = "$(TEST_HOST)";
				CODE_SIGN_STYLE = Automatic;
				INFOPLIST_FILE = "新浪微博Tests/Info.plist";
				LD_RUNPATH_SEARCH_PATHS = (
					"$(inherited)",
					"@executable_path/Frameworks",
					"@loader_path/Frameworks",
				);
				PRODUCT_BUNDLE_IDENTIFIER = "com.lhj.----Tests";
				PRODUCT_NAME = "$(TARGET_NAME)";
				SWIFT_VERSION = 4.2;
				TARGETED_DEVICE_FAMILY = "1,2";
				TEST_HOST = "$(BUILT_PRODUCTS_DIR)/新浪微博.app/新浪微博";
			};
			name = Debug;
		};
		69E59F6E22296D1D00497ECF /* Release */ = {
			isa = XCBuildConfiguration;
			baseConfigurationReference = EBBD468EAF8887B62B004CD4 /* Pods-新浪微博Tests.release.xcconfig */;
			buildSettings = {
				ALWAYS_EMBED_SWIFT_STANDARD_LIBRARIES = YES;
				BUNDLE_LOADER = "$(TEST_HOST)";
				CODE_SIGN_STYLE = Automatic;
				INFOPLIST_FILE = "新浪微博Tests/Info.plist";
				LD_RUNPATH_SEARCH_PATHS = (
					"$(inherited)",
					"@executable_path/Frameworks",
					"@loader_path/Frameworks",
				);
				PRODUCT_BUNDLE_IDENTIFIER = "com.lhj.----Tests";
				PRODUCT_NAME = "$(TARGET_NAME)";
				SWIFT_VERSION = 4.2;
				TARGETED_DEVICE_FAMILY = "1,2";
				TEST_HOST = "$(BUILT_PRODUCTS_DIR)/新浪微博.app/新浪微博";
			};
			name = Release;
		};
		69E59F7022296D1D00497ECF /* Debug */ = {
			isa = XCBuildConfiguration;
			baseConfigurationReference = CEB944DD4454E1BDAB30EA06 /* Pods-新浪微博UITests.debug.xcconfig */;
			buildSettings = {
				ALWAYS_EMBED_SWIFT_STANDARD_LIBRARIES = YES;
				CODE_SIGN_STYLE = Automatic;
				INFOPLIST_FILE = "新浪微博UITests/Info.plist";
				LD_RUNPATH_SEARCH_PATHS = (
					"$(inherited)",
					"@executable_path/Frameworks",
					"@loader_path/Frameworks",
				);
				PRODUCT_BUNDLE_IDENTIFIER = "com.lhj.----UITests";
				PRODUCT_NAME = "$(TARGET_NAME)";
				SWIFT_VERSION = 4.2;
				TARGETED_DEVICE_FAMILY = "1,2";
				TEST_TARGET_NAME = "新浪微博";
			};
			name = Debug;
		};
		69E59F7122296D1D00497ECF /* Release */ = {
			isa = XCBuildConfiguration;
			baseConfigurationReference = F0846DA478CA845DFED42F2A /* Pods-新浪微博UITests.release.xcconfig */;
			buildSettings = {
				ALWAYS_EMBED_SWIFT_STANDARD_LIBRARIES = YES;
				CODE_SIGN_STYLE = Automatic;
				INFOPLIST_FILE = "新浪微博UITests/Info.plist";
				LD_RUNPATH_SEARCH_PATHS = (
					"$(inherited)",
					"@executable_path/Frameworks",
					"@loader_path/Frameworks",
				);
				PRODUCT_BUNDLE_IDENTIFIER = "com.lhj.----UITests";
				PRODUCT_NAME = "$(TARGET_NAME)";
				SWIFT_VERSION = 4.2;
				TARGETED_DEVICE_FAMILY = "1,2";
				TEST_TARGET_NAME = "新浪微博";
			};
			name = Release;
		};
/* End XCBuildConfiguration section */

/* Begin XCConfigurationList section */
		69E59F3C22296D1B00497ECF /* Build configuration list for PBXProject "新浪微博" */ = {
			isa = XCConfigurationList;
			buildConfigurations = (
				69E59F6722296D1D00497ECF /* Debug */,
				69E59F6822296D1D00497ECF /* Release */,
			);
			defaultConfigurationIsVisible = 0;
			defaultConfigurationName = Release;
		};
		69E59F6922296D1D00497ECF /* Build configuration list for PBXNativeTarget "新浪微博" */ = {
			isa = XCConfigurationList;
			buildConfigurations = (
				69E59F6A22296D1D00497ECF /* Debug */,
				69E59F6B22296D1D00497ECF /* Release */,
			);
			defaultConfigurationIsVisible = 0;
			defaultConfigurationName = Release;
		};
		69E59F6C22296D1D00497ECF /* Build configuration list for PBXNativeTarget "新浪微博Tests" */ = {
			isa = XCConfigurationList;
			buildConfigurations = (
				69E59F6D22296D1D00497ECF /* Debug */,
				69E59F6E22296D1D00497ECF /* Release */,
			);
			defaultConfigurationIsVisible = 0;
			defaultConfigurationName = Release;
		};
		69E59F6F22296D1D00497ECF /* Build configuration list for PBXNativeTarget "新浪微博UITests" */ = {
			isa = XCConfigurationList;
			buildConfigurations = (
				69E59F7022296D1D00497ECF /* Debug */,
				69E59F7122296D1D00497ECF /* Release */,
			);
			defaultConfigurationIsVisible = 0;
			defaultConfigurationName = Release;
		};
/* End XCConfigurationList section */
	};
	rootObject = 69E59F3922296D1B00497ECF /* Project object */;
}
